hash: d197f85d79814df538a93962319ef4072d13da3832b940fb3f0af4d254c1a07d
updated: 2016-08-18T14:27:34.818830144+02:00
imports:
- name: github.com/gorilla/websocket
  version: 1f512fc3f05332ba7117626cdfb4e07474e58e60
- name: github.com/satori/go.uuid
  version: 879c5887cd475cd7864858769793b2ceb0d44feb
devImports: []
